// !$*UTF8*$!
{
	archiveVersion = 1;
	classes = {
	};
	objectVersion = 46;
	objects = {

/* Begin PBXBuildFile section */
		6E16ADD81AEBD9FA00DC5510 /* saisie.c in Sources */ = {isa = PBXBuildFile; fileRef = 6E16ADD61AEBD9FA00DC5510 /* saisie.c */; };
		6E16ADDB1AEBEAAA00DC5510 /* gestionnaire.c in Sources */ = {isa = PBXBuildFile; fileRef = 6E16ADD91AEBEAAA00DC5510 /* gestionnaire.c */; };
		6EA6AF741AED410A00F0A8B5 /* diffuseur.c in Sources */ = {isa = PBXBuildFile; fileRef = 6EA6AF721AED410A00F0A8B5 /* diffuseur.c */; };
		6EFC00831AE59EE20004336B /* main.c in Sources */ = {isa = PBXBuildFile; fileRef = 6EFC00821AE59EE20004336B /* main.c */; };
		6EFC008C1AE5A6150004336B /* getch.c in Sources */ = {isa = PBXBuildFile; fileRef = 6EFC008A1AE5A6150004336B /* getch.c */; };
		6EFC008F1AE5A6B70004336B /* menu.c in Sources */ = {isa = PBXBuildFile; fileRef = 6EFC008D1AE5A6B70004336B /* menu.c */; };
		6EFC00921AE5A80C0004336B /* menu_principal.c in Sources */ = {isa = PBXBuildFile; fileRef = 6EFC00901AE5A80C0004336B /* menu_principal.c */; };
/* End PBXBuildFile section */

/* Begin PBXCopyFilesBuildPhase section */
		6EFC007D1AE59EE20004336B /* CopyFiles */ = {
			isa = PBXCopyFilesBuildPhase;
			buildActionMask = 2147483647;
			dstPath = /usr/share/man/man1/;
			dstSubfolderSpec = 0;
			files = (
			);
			runOnlyForDeploymentPostprocessing = 1;
		};
/* End PBXCopyFilesBuildPhase section */

/* Begin PBXFileReference section */
		6E16ADD61AEBD9FA00DC5510 /* saisie.c */ = {isa = PBXFileReference; fileEncoding = 4; lastKnownFileType = sourcecode.c.c; path = saisie.c; sourceTree = "<group>"; };
		6E16ADD71AEBD9FA00DC5510 /* saisie.h */ = {isa = PBXFileReference; fileEncoding = 4; lastKnownFileType = sourcecode.c.h; path = saisie.h; sourceTree = "<group>"; };
		6E16ADD91AEBEAAA00DC5510 /* gestionnaire.c */ = {isa = PBXFileReference; fileEncoding = 4; lastKnownFileType = sourcecode.c.c; path = gestionnaire.c; sourceTree = "<group>"; };
		6E16ADDA1AEBEAAA00DC5510 /* gestionnaire.h */ = {isa = PBXFileReference; fileEncoding = 4; lastKnownFileType = sourcecode.c.h; path = gestionnaire.h; sourceTree = "<group>"; };
		6EA6AF721AED410A00F0A8B5 /* diffuseur.c */ = {isa = PBXFileReference; fileEncoding = 4; lastKnownFileType = sourcecode.c.c; path = diffuseur.c; sourceTree = "<group>"; };
		6EA6AF731AED410A00F0A8B5 /* diffuseur.h */ = {isa = PBXFileReference; fileEncoding = 4; lastKnownFileType = sourcecode.c.h; path = diffuseur.h; sourceTree = "<group>"; };
		6EFC007F1AE59EE20004336B /* Client */ = {isa = PBXFileReference; explicitFileType = "compiled.mach-o.executable"; includeInIndex = 0; path = Client; sourceTree = BUILT_PRODUCTS_DIR; };
		6EFC00821AE59EE20004336B /* main.c */ = {isa = PBXFileReference; lastKnownFileType = sourcecode.c.c; path = main.c; sourceTree = "<group>"; };
		6EFC00891AE59F200004336B /* main.h */ = {isa = PBXFileReference; lastKnownFileType = sourcecode.c.h; path = main.h; sourceTree = "<group>"; };
		6EFC008A1AE5A6150004336B /* getch.c */ = {isa = PBXFileReference; fileEncoding = 4; lastKnownFileType = sourcecode.c.c; path = getch.c; sourceTree = "<group>"; };
		6EFC008B1AE5A6150004336B /* getch.h */ = {isa = PBXFileReference; fileEncoding = 4; lastKnownFileType = sourcecode.c.h; path = getch.h; sourceTree = "<group>"; };
		6EFC008D1AE5A6B70004336B /* menu.c */ = {isa = PBXFileReference; fileEncoding = 4; lastKnownFileType = sourcecode.c.c; path = menu.c; sourceTree = "<group>"; };
		6EFC008E1AE5A6B70004336B /* menu.h */ = {isa = PBXFileReference; fileEncoding = 4; lastKnownFileType = sourcecode.c.h; path = menu.h; sourceTree = "<group>"; };
		6EFC00901AE5A80C0004336B /* menu_principal.c */ = {isa = PBXFileReference; fileEncoding = 4; lastKnownFileType = sourcecode.c.c; path = menu_principal.c; sourceTree = "<group>"; };
		6EFC00911AE5A80C0004336B /* menu_principal.h */ = {isa = PBXFileReference; fileEncoding = 4; lastKnownFileType = sourcecode.c.h; path = menu_principal.h; sourceTree = "<group>"; };
/* End PBXFileReference section */

/* Begin PBXFrameworksBuildPhase section */
		6EFC007C1AE59EE20004336B /* Frameworks */ = {
			isa = PBXFrameworksBuildPhase;
			buildActionMask = 2147483647;
			files = (
			);
			runOnlyForDeploymentPostprocessing = 0;
		};
/* End PBXFrameworksBuildPhase section */

/* Begin PBXGroup section */
		6EFC00761AE59EE20004336B = {
			isa = PBXGroup;
			children = (
				6EFC00811AE59EE20004336B /* Client */,
				6EFC00801AE59EE20004336B /* Products */,
			);
			sourceTree = "<group>";
		};
		6EFC00801AE59EE20004336B /* Products */ = {
			isa = PBXGroup;
			children = (
				6EFC007F1AE59EE20004336B /* Client */,
			);
			name = Products;
			sourceTree = "<group>";
		};
		6EFC00811AE59EE20004336B /* Client */ = {
			isa = PBXGroup;
			children = (
				6EFC00821AE59EE20004336B /* main.c */,
				6EFC008D1AE5A6B70004336B /* menu.c */,
				6EFC00901AE5A80C0004336B /* menu_principal.c */,
				6EFC008A1AE5A6150004336B /* getch.c */,
				6E16ADD61AEBD9FA00DC5510 /* saisie.c */,
				6E16ADD91AEBEAAA00DC5510 /* gestionnaire.c */,
				6EA6AF721AED410A00F0A8B5 /* diffuseur.c */,
				6EFC00891AE59F200004336B /* main.h */,
				6EFC008E1AE5A6B70004336B /* menu.h */,
				6EFC00911AE5A80C0004336B /* menu_principal.h */,
				6EFC008B1AE5A6150004336B /* getch.h */,
				6E16ADD71AEBD9FA00DC5510 /* saisie.h */,
				6E16ADDA1AEBEAAA00DC5510 /* gestionnaire.h */,
				6EA6AF731AED410A00F0A8B5 /* diffuseur.h */,
			);
			path = Client;
			sourceTree = "<group>";
		};
/* End PBXGroup section */

/* Begin PBXNativeTarget section */
		6EFC007E1AE59EE20004336B /* Client */ = {
			isa = PBXNativeTarget;
			buildConfigurationList = 6EFC00861AE59EE20004336B /* Build configuration list for PBXNativeTarget "Client" */;
			buildPhases = (
				6EFC007B1AE59EE20004336B /* Sources */,
				6EFC007C1AE59EE20004336B /* Frameworks */,
				6EFC007D1AE59EE20004336B /* CopyFiles */,
			);
			buildRules = (
			);
			dependencies = (
			);
			name = Client;
			productName = Client;
			productReference = 6EFC007F1AE59EE20004336B /* Client */;
			productType = "com.apple.product-type.tool";
		};
/* End PBXNativeTarget section */

/* Begin PBXProject section */
		6EFC00771AE59EE20004336B /* Project object */ = {
			isa = PBXProject;
			attributes = {
				LastUpgradeCheck = 0630;
				ORGANIZATIONNAME = "Pablo Petit";
				TargetAttributes = {
					6EFC007E1AE59EE20004336B = {
						CreatedOnToolsVersion = 6.3;
					};
				};
			};
			buildConfigurationList = 6EFC007A1AE59EE20004336B /* Build configuration list for PBXProject "Client" */;
			compatibilityVersion = "Xcode 3.2";
			developmentRegion = English;
			hasScannedForEncodings = 0;
			knownRegions = (
				en,
			);
			mainGroup = 6EFC00761AE59EE20004336B;
			productRefGroup = 6EFC00801AE59EE20004336B /* Products */;
			projectDirPath = "";
			projectRoot = "";
			targets = (
				6EFC007E1AE59EE20004336B /* Client */,
			);
		};
/* End PBXProject section */

/* Begin PBXSourcesBuildPhase section */
		6EFC007B1AE59EE20004336B /* Sources */ = {
			isa = PBXSourcesBuildPhase;
			buildActionMask = 2147483647;
			files = (
				6EFC00831AE59EE20004336B /* main.c in Sources */,
				6EFC008C1AE5A6150004336B /* getch.c in Sources */,
				6EFC008F1AE5A6B70004336B /* menu.c in Sources */,
				6E16ADDB1AEBEAAA00DC5510 /* gestionnaire.c in Sources */,
				6E16ADD81AEBD9FA00DC5510 /* saisie.c in Sources */,
				6EA6AF741AED410A00F0A8B5 /* diffuseur.c in Sources */,
				6EFC00921AE5A80C0004336B /* menu_principal.c in Sources */,
			);
			runOnlyForDeploymentPostprocessing = 0;
		};
/* End PBXSourcesBuildPhase section */

/* Begin XCBuildConfiguration section */
		6EFC00841AE59EE20004336B /* Debug */ = {
			isa = XCBuildConfiguration;
			buildSettings = {
				ALWAYS_SEARCH_USER_PATHS = NO;
				CLANG_CXX_LANGUAGE_STANDARD = "gnu++0x";
				CLANG_CXX_LIBRARY = "libc++";
				CLANG_ENABLE_MODULES = YES;
				CLANG_ENABLE_OBJC_ARC = YES;
				CLANG_WARN_BOOL_CONVERSION = YES;
				CLANG_WARN_CONSTANT_CONVERSION = YES;
				CLANG_WARN_DIRECT_OBJC_ISA_USAGE = YES_ERROR;
				CLANG_WARN_EMPTY_BODY = YES;
				CLANG_WARN_ENUM_CONVERSION = YES;
				CLANG_WARN_INT_CONVERSION = YES;
				CLANG_WARN_OBJC_ROOT_CLASS = YES_ERROR;
				CLANG_WARN_UNREACHABLE_CODE = YES;
				CLANG_WARN__DUPLICATE_METHOD_MATCH = YES;
				COPY_PHASE_STRIP = NO;
				DEBUG_INFORMATION_FORMAT = dwarf;
				ENABLE_STRICT_OBJC_MSGSEND = YES;
				GCC_C_LANGUAGE_STANDARD = gnu99;
				GCC_DYNAMIC_NO_PIC = NO;
				GCC_NO_COMMON_BLOCKS = YES;
				GCC_OPTIMIZATION_LEVEL = 0;
				GCC_PREPROCESSOR_DEFINITIONS = (
					"DEBUG=1",
					"$(inherited)",
				);
				GCC_SYMBOLS_PRIVATE_EXTERN = NO;
				GCC_WARN_64_TO_32_BIT_CONVERSION = YES;
				GCC_WARN_ABOUT_RETURN_TYPE = YES_ERROR;
				GCC_WARN_UNDECLARED_SELECTOR = YES;
				GCC_WARN_UNINITIALIZED_AUTOS = YES_AGGRESSIVE;
				GCC_WARN_UNUSED_FUNCTION = YES;
				GCC_WARN_UNUSED_VARIABLE = YES;
				MACOSX_DEPLOYMENT_TARGET = 10.10;
				MTL_ENABLE_DEBUG_INFO = YES;
				ONLY_ACTIVE_ARCH = YES;
				SDKROOT = macosx;
			};
			name = Debug;
		};
		6EFC00851AE59EE20004336B /* Release */ = {
			isa = XCBuildConfiguration;
			buildSettings = {
				ALWAYS_SEARCH_USER_PATHS = NO;
				CLANG_CXX_LANGUAGE_STANDARD = "gnu++0x";
				CLANG_CXX_LIBRARY = "libc++";
				CLANG_ENABLE_MODULES = YES;
				CLANG_ENABLE_OBJC_ARC = YES;
				CLANG_WARN_BOOL_CONVERSION = YES;
				CLANG_WARN_CONSTANT_CONVERSION = YES;
				CLANG_WARN_DIRECT_OBJC_ISA_USAGE = YES_ERROR;
				CLANG_WARN_EMPTY_BODY = YES;
				CLANG_WARN_ENUM_CONVERSION = YES;
				CLANG_WARN_INT_CONVERSION = YES;
				CLANG_WARN_OBJC_ROOT_CLASS = YES_ERROR;
				CLANG_WARN_UNREACHABLE_CODE = YES;
				CLANG_WARN__DUPLICATE_METHOD_MATCH = YES;
				COPY_PHASE_STRIP = NO;
				DEBUG_INFORMATION_FORMAT = "dwarf-with-dsym";
				ENABLE_NS_ASSERTIONS = NO;
				ENABLE_STRICT_OBJC_MSGSEND = YES;
				GCC_C_LANGUAGE_STANDARD = gnu99;
				GCC_NO_COMMON_BLOCKS = YES;
				GCC_WARN_64_TO_32_BIT_CONVERSION = YES;
				GCC_WARN_ABOUT_RETURN_TYPE = YES_ERROR;
				GCC_WARN_UNDECLARED_SELECTOR = YES;
				GCC_WARN_UNINITIALIZED_AUTOS = YES_AGGRESSIVE;
				GCC_WARN_UNUSED_FUNCTION = YES;
				GCC_WARN_UNUSED_VARIABLE = YES;
				MACOSX_DEPLOYMENT_TARGET = 10.10;
				MTL_ENABLE_DEBUG_INFO = NO;
				SDKROOT = macosx;
			};
			name = Release;
		};
		6EFC00871AE59EE20004336B /* Debug */ = {
			isa = XCBuildConfiguration;
			buildSettings = {
				PRODUCT_NAME = "$(TARGET_NAME)";
			};
			name = Debug;
		};
		6EFC00881AE59EE20004336B /* Release */ = {
			isa = XCBuildConfiguration;
			buildSettings = {
				PRODUCT_NAME = "$(TARGET_NAME)";
			};
			name = Release;
		};
/* End XCBuildConfiguration section */

/* Begin XCConfigurationList section */
		6EFC007A1AE59EE20004336B /* Build configuration list for PBXProject "Client" */ = {
			isa = XCConfigurationList;
			buildConfigurations = (
				6EFC00841AE59EE20004336B /* Debug */,
				6EFC00851AE59EE20004336B /* Release */,
			);
			defaultConfigurationIsVisible = 0;
			defaultConfigurationName = Release;
		};
		6EFC00861AE59EE20004336B /* Build configuration list for PBXNativeTarget "Client" */ = {
			isa = XCConfigurationList;
			buildConfigurations = (
				6EFC00871AE59EE20004336B /* Debug */,
				6EFC00881AE59EE20004336B /* Release */,
			);
			defaultConfigurationIsVisible = 0;
			defaultConfigurationName = Release;
		};
/* End XCConfigurationList section */
	};
	rootObject = 6EFC00771AE59EE20004336B /* Project object */;
}
